
Microsoft Visual Studio Solution File, Format Version 12.00
# Visual Studio 2012
Project("{FAE04EC0-301F-11D3-BF4B-00C04F79EFBC}") = "MonoForAndroid.Fabric.TwitterCore", "MonoForAndroid.Fabric.TwitterCore\MonoForAndroid.Fabric.TwitterCore.csproj", "{3E48D47F-AA31-40C4-8F8F-C12D3A59516D}"
EndProject
Project("{FAE04EC0-301F-11D3-BF4B-00C04F79EFBC}") = "MonoForAndroid.Digits", "MonoForAndroid.Digits\MonoForAndroid.Digits.csproj", "{10747EE3-CFED-4120-B3EA-7ECFF02484BE}"
EndProject
Project("{FAE04EC0-301F-11D3-BF4B-00C04F79EFBC}") = "MonoForAndroid.Fabric", "MonoForAndroid.Fabric\MonoForAndroid.Fabric.csproj", "{78DF793A-3468-4B5A-9428-061898A1CC16}"
EndProject
Project("{FAE04EC0-301F-11D3-BF4B-00C04F79EFBC}") = "DigitsDemo", "DigitsDemo\DigitsDemo.csproj", "{B48778A3-5ED6-4DD2-8395-562A35D29FC2}"
EndProject
Global
	GlobalSection(SolutionConfigurationPlatforms) = preSolution
		Debug|Any CPU = Debug|Any CPU
		Release|Any CPU = Release|Any CPU
	EndGlobalSection
	GlobalSection(ProjectConfigurationPlatforms) = postSolution
		{10747EE3-CFED-4120-B3EA-7ECFF02484BE}.Debug|Any CPU.ActiveCfg = Debug|Any CPU
		{10747EE3-CFED-4120-B3EA-7ECFF02484BE}.Debug|Any CPU.Build.0 = Debug|Any CPU
		{10747EE3-CFED-4120-B3EA-7ECFF02484BE}.Release|Any CPU.ActiveCfg = Release|Any CPU
		{10747EE3-CFED-4120-B3EA-7ECFF02484BE}.Release|Any CPU.Build.0 = Release|Any CPU
		{3E48D47F-AA31-40C4-8F8F-C12D3A59516D}.Debug|Any CPU.ActiveCfg = Debug|Any CPU
		{3E48D47F-AA31-40C4-8F8F-C12D3A59516D}.Debug|Any CPU.Build.0 = Debug|Any CPU
		{3E48D47F-AA31-40C4-8F8F-C12D3A59516D}.Release|Any CPU.ActiveCfg = Release|Any CPU
		{3E48D47F-AA31-40C4-8F8F-C12D3A59516D}.Release|Any CPU.Build.0 = Release|Any CPU
		{78DF793A-3468-4B5A-9428-061898A1CC16}.Debug|Any CPU.ActiveCfg = Debug|Any CPU
		{78DF793A-3468-4B5A-9428-061898A1CC16}.Debug|Any CPU.Build.0 = Debug|Any CPU
		{78DF793A-3468-4B5A-9428-061898A1CC16}.Release|Any CPU.ActiveCfg = Release|Any CPU
		{78DF793A-3468-4B5A-9428-061898A1CC16}.Release|Any CPU.Build.0 = Release|Any CPU
		{B48778A3-5ED6-4DD2-8395-562A35D29FC2}.Debug|Any CPU.ActiveCfg = Debug|Any CPU
		{B48778A3-5ED6-4DD2-8395-562A35D29FC2}.Debug|Any CPU.Build.0 = Debug|Any CPU
		{B48778A3-5ED6-4DD2-8395-562A35D29FC2}.Release|Any CPU.ActiveCfg = Release|Any CPU
		{B48778A3-5ED6-4DD2-8395-562A35D29FC2}.Release|Any CPU.Build.0 = Release|Any CPU
	EndGlobalSection
EndGlobal
